{
  "requires": true,
  "lockfileVersion": 1,
  "dependencies": {
    "@fortawesome/fontawesome-common-types": {
      "version": "0.2.32",
      "resolved": "https://registry.npmjs.org/@fortawesome/fontawesome-common-types/-/fontawesome-common-types-0.2.32.tgz",
      "integrity": "sha512-ux2EDjKMpcdHBVLi/eWZynnPxs0BtFVXJkgHIxXRl+9ZFaHPvYamAfCzeeQFqHRjuJtX90wVnMRaMQAAlctz3w=="
    },
    "@fortawesome/fontawesome-svg-core": {
      "version": "1.2.32",
      "resolved": "https://registry.npmjs.org/@fortawesome/fontawesome-svg-core/-/fontawesome-svg-core-1.2.32.tgz",
      "integrity": "sha512-XjqyeLCsR/c/usUpdWcOdVtWFVjPbDFBTQkn2fQRrWhhUoxriQohO2RWDxLyUM8XpD+Zzg5xwJ8gqTYGDLeGaQ==",
      "requires": {
        "@fortawesome/fontawesome-common-types": "^0.2.32"
      }
    },
    "@fortawesome/free-brands-svg-icons": {
      "version": "5.15.1",
      "resolved": "https://registry.npmjs.org/@fortawesome/free-brands-svg-icons/-/free-brands-svg-icons-5.15.1.tgz",
      "integrity": "sha512-pkTZIWn7iuliCCgV+huDfZmZb2UjslalXGDA2PcqOVUYJmYL11y6ooFiMJkJvUZu+xgAc1gZgQe+Px12mZF0CA==",
      "requires": {
        "@fortawesome/fontawesome-common-types": "^0.2.32"
      }
    },
    "@fortawesome/free-regular-svg-icons": {
      "version": "5.15.1",
      "resolved": "https://registry.npmjs.org/@fortawesome/free-regular-svg-icons/-/free-regular-svg-icons-5.15.1.tgz",
      "integrity": "sha512-eD9NWFy89e7SVVtrLedJUxIpCBGhd4x7s7dhesokjyo1Tw62daqN5UcuAGu1NrepLLq1IeAYUVfWwnOjZ/j3HA==",
      "requires": {
        "@fortawesome/fontawesome-common-types": "^0.2.32"
      }
    },
    "@fortawesome/free-solid-svg-icons": {
      "version": "5.15.1",
      "resolved": "https://registry.npmjs.org/@fortawesome/free-solid-svg-icons/-/free-solid-svg-icons-5.15.1.tgz",
      "integrity": "sha512-EFMuKtzRMNbvjab/SvJBaOOpaqJfdSap/Nl6hst7CgrJxwfORR1drdTV6q1Ib/JVzq4xObdTDcT6sqTaXMqfdg==",
      "requires": {
        "@fortawesome/fontawesome-common-types": "^0.2.32"
      }
    },
    "@fortawesome/react-fontawesome": {
      "version": "0.1.12",
      "resolved": "https://registry.npmjs.org/@fortawesome/react-fontawesome/-/react-fontawesome-0.1.12.tgz",
      "integrity": "sha512-kV6HtqotM3K4YIXlTVvomuIi6QgGCvYm++ImyEx2wwgmSppZ6kbbA29ASwjAUBD63j2OFU0yoxeXpZkjrrX0qQ==",
      "requires": {
        "prop-types": "^15.7.2"
      }
    },
    "emailjs-com": {
      "version": "2.6.3",
      "resolved": "https://registry.npmjs.org/emailjs-com/-/emailjs-com-2.6.3.tgz",
      "integrity": "sha512-hucvmelA6wUN1W7Lnw3yKXTWq3lNyVOBN306WcODPcfazuGWTot9/7aaiHQESBo9VrG1JgSk7La6fckq3eLvUg=="
    },
    "js-tokens": {
      "version": "4.0.0",
      "resolved": "https://registry.npmjs.org/js-tokens/-/js-tokens-4.0.0.tgz",
      "integrity": "sha512-RdJUflcE3cUzKiMqQgsCu06FPu9UdIJO0beYbPhHN4k6apgJtifcoCtT9bcxOpYBtpD2kCM6Sbzg4CausW/PKQ=="
    },
    "loose-envify": {
      "version": "1.4.0",
      "resolved": "https://registry.npmjs.org/loose-envify/-/loose-envify-1.4.0.tgz",
      "integrity": "sha512-lyuxPGr/Wfhrlem2CL/UcnUc1zcqKAImBDzukY7Y5F/yQiNdko6+fRLevlw1HgMySw7f611UIY408EtxRSoK3Q==",
      "requires": {
        "js-tokens": "^3.0.0 || ^4.0.0"
      }
    },
    "object-assign": {
      "version": "4.1.1",
      "resolved": "https://registry.npmjs.org/object-assign/-/object-assign-4.1.1.tgz",
      "integrity": "sha1-IQmtx5ZYh8/AXLvUQsrIv7s2CGM="
    },
    "prop-types": {
      "version": "15.7.2",
      "resolved": "https://registry.npmjs.org/prop-types/-/prop-types-15.7.2.tgz",
      "integrity": "sha512-8QQikdH7//R2vurIJSutZ1smHYTcLpRWEOlHnzcWHmBYrOGUysKwSsrC89BCiFj3CbrfJ/nXFdJepOVrY1GCHQ==",
      "requires": {
        "loose-envify": "^1.4.0",
        "object-assign": "^4.1.1",
        "react-is": "^16.8.1"
      }
    },
    "react-hook-form": {
      "version": "6.9.6",
      "resolved": "https://registry.npmjs.org/react-hook-form/-/react-hook-form-6.9.6.tgz",
      "integrity": "sha512-TyLqWHgFS1WLELDuUBvMWLHEzmR7aS7xOY+eOxMtS1w4jFhqF1xmHnMhJsbiFPSgC+OeTJ1Pc0U4K0y6cA7ERA=="
    },
    "react-is": {
      "version": "16.13.1",
      "resolved": "https://registry.npmjs.org/react-is/-/react-is-16.13.1.tgz",
      "integrity": "sha512-24e6ynE2H+OKt4kqsOvNd8kBpV65zoxbA4BVsEOB3ARVWQki/DHzaUoC5KuON/BiccDaCCTZBuOcfZs70kR8bQ=="
    }
  }
}
